{
  "name": "@nishimura-katsuo/node-fpm",
  "version": "0.1.0",
  "lockfileVersion": 2,
  "requires": true,
  "packages": {
    "": {
      "name": "@nishimura-katsuo/node-fpm",
      "version": "0.1.0",
      "license": "MIT",
      "dependencies": {
        "@nishimura-katsuo/jsthread": "^1.0.0",
        "@nishimura-katsuo/require-hot-reload": "^0.1.0"
      }
    },
    "node_modules/@nishimura-katsuo/jsthread": {
      "version": "1.0.0",
      "resolved": "https://registry.npmjs.org/@nishimura-katsuo/jsthread/-/jsthread-1.0.0.tgz",
      "integrity": "sha512-4yYFzgzLFwTZrCZ7AeGZq0vnE0xztJlWgyOZrkvR+NgsoFJ3SCRzrnXBr07j9cdgLIE4miu10xlaTTF5x6doKw=="
    },
    "node_modules/@nishimura-katsuo/require-hot-reload": {
      "version": "0.1.1",
      "resolved": "https://registry.npmjs.org/@nishimura-katsuo/require-hot-reload/-/require-hot-reload-0.1.1.tgz",
      "integrity": "sha512-wJMwFnLHuilsq186uj2qkvlxjs0jRjj2sjS0X0YVZgYawd0JUamjEzKBbVY6i0iKR8c4YEAqBTLACbrpq1UosA=="
    }
  },
  "dependencies": {
    "@nishimura-katsuo/jsthread": {
      "version": "1.0.0",
      "resolved": "https://registry.npmjs.org/@nishimura-katsuo/jsthread/-/jsthread-1.0.0.tgz",
      "integrity": "sha512-4yYFzgzLFwTZrCZ7AeGZq0vnE0xztJlWgyOZrkvR+NgsoFJ3SCRzrnXBr07j9cdgLIE4miu10xlaTTF5x6doKw=="
    },
    "@nishimura-katsuo/require-hot-reload": {
      "version": "0.1.1",
      "resolved": "https://registry.npmjs.org/@nishimura-katsuo/require-hot-reload/-/require-hot-reload-0.1.1.tgz",
      "integrity": "sha512-wJMwFnLHuilsq186uj2qkvlxjs0jRjj2sjS0X0YVZgYawd0JUamjEzKBbVY6i0iKR8c4YEAqBTLACbrpq1UosA=="
    }
  }
}
